{
  "version": 4,
  "terraform_version": "0.12.29",
  "serial": 1,
  "lineage": "ec22ab16-7390-3ede-fc23-34d8f98ada82",
  "outputs": {
    "client_token": {
      "value": "eWEyOS5hMEFmSDZTTUM3U1JrQld0Q3FocVJ5SnRHS09hdzVfQ182YzRsRFgzRldkMWVsQlBiOXhFampWc3NpRi1yY0ZkYXBvdE1mbjg1a2FfQnlfNFBRbXEwY0hBMnh5V2QzQzJ6NVZTelFMVi1IbWVjZzNnYlI3ZFRjLTNGZnh5ay1mWklsRlk4VEFEcDk4YUFhYXZmOE9SR0ptSGxOd283azFtd0I1VUtyTFBOZFR3YmwzMXVMYWt3Mzg4LTl2QlFyczBNUFpFLTl6by1tTlhFanpJdU1QY1NteDhTYkNpTEdtR2dPRFl6N19fU1A5SkJ5Z3c1TmppWTEwME1IaDFheDQxeEwzd2JiRnRxRVMyaFU2bU04NklPcg==",
      "type": "string",
      "sensitive": true
    },
    "jenkins_k8s_config_secrets": {
      "value": "jenkins-k8s-config",
      "type": "string"
    },
    "jenkins_project_id": {
      "value": "architect-certification-289902",
      "type": "string"
    },
    "service_account": {
      "value": "tf-gke-jenkins-26-i7rx@architect-certification-289902.iam.gserviceaccount.com",
      "type": "string"
    },
    "zone": {
      "value": "us-west2-a",
      "type": "string"
    }
  },
  "resources": [
    {
      "module": "module.jenkins-gke",
      "mode": "data",
      "type": "google_client_config",
      "name": "default",
      "provider": "provider.google-beta",
      "instances": [
        {
          "schema_version": 0,
          "attributes": {
            "access_token": "ya29.a0AfH6SMC7SRkBWtCqhqRyJtGKOaw5_C_6c4lDX3FWd1elBPb9xEjjVssiF-rcFdapotMfn85ka_By_4PQmq0cHA2xyWd3C2z5VSzQLV-Hmecg3gbR7dTc-3Ffxyk-fZIlFY8TADp98aAaavf8ORGJmHlNwo7k1mwB5UKrLPNdTwbl31uLakw388-9vBQrs0MPZE-9zo-mNXEjzIuMPcSmx8SbCiLGmGgODYz7__SP9JBygw5NjiY100MHh1ax41xL3wbbFtqES2hU6mM86IOr",
            "id": "projects/architect-certification-289902/regions//zones/",
            "project": "architect-certification-289902",
            "region": "",
            "zone": ""
          }
        }
      ]
    },
    {
      "mode": "data",
      "type": "google_client_config",
      "name": "default",
      "provider": "provider.google",
      "instances": [
        {
          "schema_version": 0,
          "attributes": {
            "access_token": "ya29.a0AfH6SMC7SRkBWtCqhqRyJtGKOaw5_C_6c4lDX3FWd1elBPb9xEjjVssiF-rcFdapotMfn85ka_By_4PQmq0cHA2xyWd3C2z5VSzQLV-Hmecg3gbR7dTc-3Ffxyk-fZIlFY8TADp98aAaavf8ORGJmHlNwo7k1mwB5UKrLPNdTwbl31uLakw388-9vBQrs0MPZE-9zo-mNXEjzIuMPcSmx8SbCiLGmGgODYz7__SP9JBygw5NjiY100MHh1ax41xL3wbbFtqES2hU6mM86IOr",
            "id": "projects/architect-certification-289902/regions//zones/",
            "project": "architect-certification-289902",
            "region": "",
            "zone": ""
          }
        }
      ]
    },
    {
      "module": "module.gke_auth",
      "mode": "data",
      "type": "google_client_config",
      "name": "provider",
      "provider": "provider.google",
      "instances": [
        {
          "schema_version": 0,
          "attributes": {
            "access_token": "ya29.a0AfH6SMC7SRkBWtCqhqRyJtGKOaw5_C_6c4lDX3FWd1elBPb9xEjjVssiF-rcFdapotMfn85ka_By_4PQmq0cHA2xyWd3C2z5VSzQLV-Hmecg3gbR7dTc-3Ffxyk-fZIlFY8TADp98aAaavf8ORGJmHlNwo7k1mwB5UKrLPNdTwbl31uLakw388-9vBQrs0MPZE-9zo-mNXEjzIuMPcSmx8SbCiLGmGgODYz7__SP9JBygw5NjiY100MHh1ax41xL3wbbFtqES2hU6mM86IOr",
            "id": "projects/architect-certification-289902/regions//zones/",
            "project": "architect-certification-289902",
            "region": "",
            "zone": ""
          }
        }
      ]
    },
    {
      "module": "module.jenkins-gke",
      "mode": "data",
      "type": "google_compute_zones",
      "name": "available",
      "provider": "provider.google-beta",
      "instances": [
        {
          "schema_version": 0,
          "attributes": {
            "id": "projects/architect-certification-289902/regions/us-west2",
            "names": [
              "us-west2-a",
              "us-west2-b",
              "us-west2-c"
            ],
            "project": "architect-certification-289902",
            "region": "us-west2",
            "status": null
          }
        }
      ]
    },
    {
      "module": "module.gke_auth",
      "mode": "data",
      "type": "google_container_cluster",
      "name": "gke_cluster",
      "provider": "provider.google",
      "instances": []
    },
    {
      "module": "module.jenkins-gke",
      "mode": "data",
      "type": "google_container_engine_versions",
      "name": "region",
      "provider": "provider.google",
      "instances": [
        {
          "schema_version": 0,
          "attributes": {
            "default_cluster_version": "1.16.13-gke.401",
            "id": "2020-11-25 06:21:45.018112996 +0000 UTC",
            "latest_master_version": "1.17.13-gke.2001",
            "latest_node_version": "1.17.13-gke.2001",
            "location": "us-west2-a",
            "project": "architect-certification-289902",
            "release_channel_default_version": {
              "RAPID": "1.18.10-gke.1500",
              "REGULAR": "1.17.12-gke.1504",
              "STABLE": "1.16.13-gke.404"
            },
            "valid_master_versions": [
              "1.17.13-gke.2001",
              "1.17.13-gke.1400",
              "1.17.13-gke.600",
              "1.17.12-gke.2502",
              "1.17.12-gke.1504",
              "1.17.12-gke.1501",
              "1.16.15-gke.4901",
              "1.16.15-gke.4300",
              "1.16.15-gke.3500",
              "1.16.15-gke.2601",
              "1.16.15-gke.1600",
              "1.16.15-gke.500",
              "1.16.13-gke.404",
              "1.16.13-gke.403",
              "1.16.13-gke.401",
              "1.15.12-gke.6001",
              "1.15.12-gke.5000",
              "1.15.12-gke.4002",
              "1.15.12-gke.4000",
              "1.15.12-gke.20",
              "1.14.10-gke.1504",
              "1.14.10-gke.902",
              "1.14.10-gke.50"
            ],
            "valid_node_versions": [
              "1.17.13-gke.2001",
              "1.17.13-gke.1400",
              "1.17.13-gke.600",
              "1.17.12-gke.2502",
              "1.17.12-gke.1504",
              "1.17.12-gke.1501",
              "1.17.12-gke.500",
              "1.17.9-gke.6300",
              "1.17.9-gke.1504",
              "1.16.15-gke.4901",
              "1.16.15-gke.4300",
              "1.16.15-gke.3500",
              "1.16.15-gke.2601",
              "1.16.15-gke.1600",
              "1.16.15-gke.500",
              "1.16.13-gke.404",
              "1.16.13-gke.403",
              "1.16.13-gke.401",
              "1.16.13-gke.400",
              "1.16.13-gke.1",
              "1.16.11-gke.5",
              "1.16.10-gke.8",
              "1.16.9-gke.6",
              "1.16.9-gke.2",
              "1.16.8-gke.15",
              "1.16.8-gke.12",
              "1.16.8-gke.9",
              "1.15.12-gke.6001",
              "1.15.12-gke.5000",
              "1.15.12-gke.4002",
              "1.15.12-gke.4000",
              "1.15.12-gke.20",
              "1.15.12-gke.17",
              "1.15.12-gke.16",
              "1.15.12-gke.13",
              "1.15.12-gke.9",
              "1.15.12-gke.6",
              "1.15.12-gke.3",
              "1.15.12-gke.2",
              "1.15.11-gke.17",
              "1.15.11-gke.15",
              "1.15.11-gke.13",
              "1.15.11-gke.12",
              "1.15.11-gke.11",
              "1.15.11-gke.9",
              "1.15.11-gke.5",
              "1.15.11-gke.3",
              "1.15.11-gke.1",
              "1.15.9-gke.26",
              "1.15.9-gke.24",
              "1.15.9-gke.22",
              "1.15.9-gke.12",
              "1.15.9-gke.9",
              "1.15.9-gke.8",
              "1.15.8-gke.3",
              "1.15.8-gke.2",
              "1.15.7-gke.23",
              "1.15.7-gke.2",
              "1.15.4-gke.22",
              "1.14.10-gke.1504",
              "1.14.10-gke.902",
              "1.14.10-gke.50",
              "1.14.10-gke.46",
              "1.14.10-gke.45",
              "1.14.10-gke.42",
              "1.14.10-gke.41",
              "1.14.10-gke.40",
              "1.14.10-gke.37",
              "1.14.10-gke.36",
              "1.14.10-gke.34",
              "1.14.10-gke.32",
              "1.14.10-gke.31",
              "1.14.10-gke.27",
              "1.14.10-gke.24",
              "1.14.10-gke.22",
              "1.14.10-gke.21",
              "1.14.10-gke.17",
              "1.14.10-gke.0",
              "1.14.9-gke.23",
              "1.14.9-gke.2",
              "1.14.9-gke.0",
              "1.14.8-gke.33",
              "1.14.8-gke.21",
              "1.14.8-gke.18",
              "1.14.8-gke.17",
              "1.14.8-gke.14",
              "1.14.8-gke.12",
              "1.14.8-gke.7",
              "1.14.8-gke.2",
              "1.14.7-gke.40",
              "1.14.7-gke.25",
              "1.14.7-gke.23",
              "1.14.7-gke.17",
              "1.14.7-gke.14",
              "1.14.7-gke.10",
              "1.14.6-gke.13",
              "1.14.6-gke.2",
              "1.14.6-gke.1",
              "1.14.3-gke.11",
              "1.14.3-gke.10",
              "1.14.3-gke.9",
              "1.14.2-gke.9",
              "1.14.1-gke.5",
              "1.13.12-gke.30",
              "1.13.12-gke.25",
              "1.13.12-gke.17",
              "1.13.12-gke.16",
              "1.13.12-gke.14",
              "1.13.12-gke.13",
              "1.13.12-gke.10",
              "1.13.12-gke.8",
              "1.13.12-gke.4",
              "1.13.12-gke.2",
              "1.13.11-gke.23",
              "1.13.11-gke.15",
              "1.13.11-gke.14",
              "1.13.11-gke.12",
              "1.13.11-gke.11",
              "1.13.11-gke.9",
              "1.13.11-gke.5",
              "1.13.10-gke.7",
              "1.13.10-gke.0",
              "1.13.9-gke.11",
              "1.13.9-gke.3",
              "1.13.7-gke.24",
              "1.13.7-gke.19",
              "1.13.7-gke.15",
              "1.13.7-gke.8",
              "1.13.7-gke.0",
              "1.13.6-gke.13",
              "1.13.6-gke.6",
              "1.13.6-gke.5",
              "1.13.6-gke.0",
              "1.13.5-gke.10",
              "1.12.10-gke.22",
              "1.12.10-gke.20",
              "1.12.10-gke.19",
              "1.12.10-gke.18",
              "1.12.10-gke.17",
              "1.12.10-gke.15",
              "1.12.10-gke.13",
              "1.12.10-gke.11",
              "1.12.10-gke.5",
              "1.12.9-gke.16",
              "1.12.9-gke.15",
              "1.12.9-gke.13",
              "1.12.9-gke.10",
              "1.12.9-gke.7",
              "1.12.9-gke.3",
              "1.12.8-gke.12",
              "1.12.8-gke.10",
              "1.12.8-gke.7",
              "1.12.8-gke.6",
              "1.12.7-gke.26",
              "1.12.7-gke.25",
              "1.12.7-gke.24",
              "1.12.7-gke.22",
              "1.12.7-gke.21",
              "1.12.7-gke.17",
              "1.12.7-gke.10",
              "1.12.7-gke.7",
              "1.12.6-gke.11",
              "1.12.6-gke.10",
              "1.12.6-gke.7",
              "1.12.5-gke.10",
              "1.12.5-gke.5",
              "1.11.10-gke.6",
              "1.11.10-gke.5"
            ],
            "version_prefix": null
          }
        }
      ]
    },
    {
      "module": "module.jenkins-gke",
      "mode": "data",
      "type": "google_container_engine_versions",
      "name": "zone",
      "provider": "provider.google",
      "instances": [
        {
          "schema_version": 0,
          "attributes": {
            "default_cluster_version": "1.16.13-gke.401",
            "id": "2020-11-25 06:21:46.973562202 +0000 UTC",
            "latest_master_version": "1.17.13-gke.2001",
            "latest_node_version": "1.17.13-gke.2001",
            "location": "us-west2-a",
            "project": "architect-certification-289902",
            "release_channel_default_version": {
              "RAPID": "1.18.10-gke.1500",
              "REGULAR": "1.17.12-gke.1504",
              "STABLE": "1.16.13-gke.404"
            },
            "valid_master_versions": [
              "1.17.13-gke.2001",
              "1.17.13-gke.1400",
              "1.17.13-gke.600",
              "1.17.12-gke.2502",
              "1.17.12-gke.1504",
              "1.17.12-gke.1501",
              "1.16.15-gke.4901",
              "1.16.15-gke.4300",
              "1.16.15-gke.3500",
              "1.16.15-gke.2601",
              "1.16.15-gke.1600",
              "1.16.15-gke.500",
              "1.16.13-gke.404",
              "1.16.13-gke.403",
              "1.16.13-gke.401",
              "1.15.12-gke.6001",
              "1.15.12-gke.5000",
              "1.15.12-gke.4002",
              "1.15.12-gke.4000",
              "1.15.12-gke.20",
              "1.14.10-gke.1504",
              "1.14.10-gke.902",
              "1.14.10-gke.50"
            ],
            "valid_node_versions": [
              "1.17.13-gke.2001",
              "1.17.13-gke.1400",
              "1.17.13-gke.600",
              "1.17.12-gke.2502",
              "1.17.12-gke.1504",
              "1.17.12-gke.1501",
              "1.17.12-gke.500",
              "1.17.9-gke.6300",
              "1.17.9-gke.1504",
              "1.16.15-gke.4901",
              "1.16.15-gke.4300",
              "1.16.15-gke.3500",
              "1.16.15-gke.2601",
              "1.16.15-gke.1600",
              "1.16.15-gke.500",
              "1.16.13-gke.404",
              "1.16.13-gke.403",
              "1.16.13-gke.401",
              "1.16.13-gke.400",
              "1.16.13-gke.1",
              "1.16.11-gke.5",
              "1.16.10-gke.8",
              "1.16.9-gke.6",
              "1.16.9-gke.2",
              "1.16.8-gke.15",
              "1.16.8-gke.12",
              "1.16.8-gke.9",
              "1.15.12-gke.6001",
              "1.15.12-gke.5000",
              "1.15.12-gke.4002",
              "1.15.12-gke.4000",
              "1.15.12-gke.20",
              "1.15.12-gke.17",
              "1.15.12-gke.16",
              "1.15.12-gke.13",
              "1.15.12-gke.9",
              "1.15.12-gke.6",
              "1.15.12-gke.3",
              "1.15.12-gke.2",
              "1.15.11-gke.17",
              "1.15.11-gke.15",
              "1.15.11-gke.13",
              "1.15.11-gke.12",
              "1.15.11-gke.11",
              "1.15.11-gke.9",
              "1.15.11-gke.5",
              "1.15.11-gke.3",
              "1.15.11-gke.1",
              "1.15.9-gke.26",
              "1.15.9-gke.24",
              "1.15.9-gke.22",
              "1.15.9-gke.12",
              "1.15.9-gke.9",
              "1.15.9-gke.8",
              "1.15.8-gke.3",
              "1.15.8-gke.2",
              "1.15.7-gke.23",
              "1.15.7-gke.2",
              "1.15.4-gke.22",
              "1.14.10-gke.1504",
              "1.14.10-gke.902",
              "1.14.10-gke.50",
              "1.14.10-gke.46",
              "1.14.10-gke.45",
              "1.14.10-gke.42",
              "1.14.10-gke.41",
              "1.14.10-gke.40",
              "1.14.10-gke.37",
              "1.14.10-gke.36",
              "1.14.10-gke.34",
              "1.14.10-gke.32",
              "1.14.10-gke.31",
              "1.14.10-gke.27",
              "1.14.10-gke.24",
              "1.14.10-gke.22",
              "1.14.10-gke.21",
              "1.14.10-gke.17",
              "1.14.10-gke.0",
              "1.14.9-gke.23",
              "1.14.9-gke.2",
              "1.14.9-gke.0",
              "1.14.8-gke.33",
              "1.14.8-gke.21",
              "1.14.8-gke.18",
              "1.14.8-gke.17",
              "1.14.8-gke.14",
              "1.14.8-gke.12",
              "1.14.8-gke.7",
              "1.14.8-gke.2",
              "1.14.7-gke.40",
              "1.14.7-gke.25",
              "1.14.7-gke.23",
              "1.14.7-gke.17",
              "1.14.7-gke.14",
              "1.14.7-gke.10",
              "1.14.6-gke.13",
              "1.14.6-gke.2",
              "1.14.6-gke.1",
              "1.14.3-gke.11",
              "1.14.3-gke.10",
              "1.14.3-gke.9",
              "1.14.2-gke.9",
              "1.14.1-gke.5",
              "1.13.12-gke.30",
              "1.13.12-gke.25",
              "1.13.12-gke.17",
              "1.13.12-gke.16",
              "1.13.12-gke.14",
              "1.13.12-gke.13",
              "1.13.12-gke.10",
              "1.13.12-gke.8",
              "1.13.12-gke.4",
              "1.13.12-gke.2",
              "1.13.11-gke.23",
              "1.13.11-gke.15",
              "1.13.11-gke.14",
              "1.13.11-gke.12",
              "1.13.11-gke.11",
              "1.13.11-gke.9",
              "1.13.11-gke.5",
              "1.13.10-gke.7",
              "1.13.10-gke.0",
              "1.13.9-gke.11",
              "1.13.9-gke.3",
              "1.13.7-gke.24",
              "1.13.7-gke.19",
              "1.13.7-gke.15",
              "1.13.7-gke.8",
              "1.13.7-gke.0",
              "1.13.6-gke.13",
              "1.13.6-gke.6",
              "1.13.6-gke.5",
              "1.13.6-gke.0",
              "1.13.5-gke.10",
              "1.12.10-gke.22",
              "1.12.10-gke.20",
              "1.12.10-gke.19",
              "1.12.10-gke.18",
              "1.12.10-gke.17",
              "1.12.10-gke.15",
              "1.12.10-gke.13",
              "1.12.10-gke.11",
              "1.12.10-gke.5",
              "1.12.9-gke.16",
              "1.12.9-gke.15",
              "1.12.9-gke.13",
              "1.12.9-gke.10",
              "1.12.9-gke.7",
              "1.12.9-gke.3",
              "1.12.8-gke.12",
              "1.12.8-gke.10",
              "1.12.8-gke.7",
              "1.12.8-gke.6",
              "1.12.7-gke.26",
              "1.12.7-gke.25",
              "1.12.7-gke.24",
              "1.12.7-gke.22",
              "1.12.7-gke.21",
              "1.12.7-gke.17",
              "1.12.7-gke.10",
              "1.12.7-gke.7",
              "1.12.6-gke.11",
              "1.12.6-gke.10",
              "1.12.6-gke.7",
              "1.12.5-gke.10",
              "1.12.5-gke.5",
              "1.11.10-gke.6",
              "1.11.10-gke.5"
            ],
            "version_prefix": null
          }
        }
      ]
    },
    {
      "mode": "data",
      "type": "local_file",
      "name": "helm_chart_values",
      "provider": "provider.local",
      "instances": [
        {
          "schema_version": 0,
          "attributes": {
            "content": "# Copyright 2020 Google LLC\n#\n# Licensed under the Apache License, Version 2.0 (the \"License\");\n# you may not use this file except in compliance with the License.\n# You may obtain a copy of the License at\n#\n#      http://www.apache.org/licenses/LICENSE-2.0\n#\n# Unless required by applicable law or agreed to in writing, software\n# distributed under the License is distributed on an \"AS IS\" BASIS,\n# WITHOUT WARRANTIES OR CONDITIONS OF ANY KIND, either express or implied.\n# See the License for the specific language governing permissions and\n# limitations under the License.\n\nmaster:\n  tag: \"2.264\"\n  containerEnv:\n    - name: PROJECT_ID\n      valueFrom:\n        secretKeyRef:\n            name: jenkins-k8s-config\n            key: project_id\n    - name: jenkins_tf_ksa\n      valueFrom:\n        secretKeyRef:\n            name: jenkins-k8s-config\n            key: jenkins_tf_ksa\n  servicePort: 80\n  serviceType: LoadBalancer\n  installPlugins:\n    - kubernetes:1.27.3\n    - workflow-job:2.40\n    - workflow-aggregator:2.6\n    - credentials-binding:1.24\n    - git:4.4.5\n    - blueocean:1.24.3\n    - docker-custom-build-environment:1.7.3\n    - credentials:2.3.13\n    - docker-commons:1.17\n    - docker-workflow:1.24\n    - job-dsl:1.77\n    - configuration-as-code:1.45\n    - jdk-tool:1.4\n  JCasC:\n    enabled: true\n    configScripts:\n        cloud: |\n            jenkins:\n                clouds:\n                    - kubernetes:\n                        name: \"gke-executors\"\n                        serverUrl: \"https://kubernetes.default\"\n                        jenkinsTunnel: \"jenkins-agent:50000\"\n                        jenkinsUrl: \"http://jenkins:80\"\n                        skipTlsVerify: true\n                        namespace: \"default\"\n                        templates:\n                            - name: \"jenkins-jnlp\"\n                              namespace: \"default\"\n                              nodeUsageMode: NORMAL\n                              label: \"jnlp-exec\"\n                              containers:\n                                - name: \"jnlp\"\n                                  image: \"jenkins/jnlp-slave\"\n                                  alwaysPullImage: false\n                                  workingDir: \"/home/jenkins/agent\"\n                                  ttyEnabled: true\n                                  command: \"\"\n                                  args: \"\"\n                                  resourceRequestCpu: \"500m\"\n                                  resourceLimitCpu: \"1000m\"\n                                  resourceRequestMemory: \"1Gi\"\n                                  resourceLimitMemory: \"2Gi\"\n                              volumes:\n                                - emptyDirVolume:\n                                    memory: false\n                                    mountPath: \"/tmp\"\n                              idleMinutes: \"1\"\n                              activeDeadlineSeconds: \"120\"\n                              slaveConnectTimeout: \"1000\"\n                            - name: \"terraform\"\n                              namespace: \"default\"\n                              nodeUsageMode: NORMAL\n                              serviceAccount: ${jenkins_tf_ksa}\n                              label: \"terraform-exec\"\n                              containers:\n                                - name: \"terraform\"\n                                  image: \"hashicorp/terraform:0.12.29\"\n                                  alwaysPullImage: false\n                                  workingDir: \"/home/jenkins/agent\"\n                                  ttyEnabled: true\n                                  command: \"/bin/sh -c\"\n                                  args: \"cat\"\n                                  resourceRequestCpu: \"500m\"\n                                  resourceLimitCpu: \"1000m\"\n                                  resourceRequestMemory: \"1Gi\"\n                                  resourceLimitMemory: \"2Gi\"\n                              volumes:\n                                - emptyDirVolume:\n                                    memory: false\n                                    mountPath: \"/tmp\"\n                              podRetention: \"never\"\n                              activeDeadlineSeconds: \"500\"\n",
            "content_base64": "IyBDb3B5cmlnaHQgMjAyMCBHb29nbGUgTExDCiMKIyBMaWNlbnNlZCB1bmRlciB0aGUgQXBhY2hlIExpY2Vuc2UsIFZlcnNpb24gMi4wICh0aGUgIkxpY2Vuc2UiKTsKIyB5b3UgbWF5IG5vdCB1c2UgdGhpcyBmaWxlIGV4Y2VwdCBpbiBjb21wbGlhbmNlIHdpdGggdGhlIExpY2Vuc2UuCiMgWW91IG1heSBvYnRhaW4gYSBjb3B5IG9mIHRoZSBMaWNlbnNlIGF0CiMKIyAgICAgIGh0dHA6Ly93d3cuYXBhY2hlLm9yZy9saWNlbnNlcy9MSUNFTlNFLTIuMAojCiMgVW5sZXNzIHJlcXVpcmVkIGJ5IGFwcGxpY2FibGUgbGF3IG9yIGFncmVlZCB0byBpbiB3cml0aW5nLCBzb2Z0d2FyZQojIGRpc3RyaWJ1dGVkIHVuZGVyIHRoZSBMaWNlbnNlIGlzIGRpc3RyaWJ1dGVkIG9uIGFuICJBUyBJUyIgQkFTSVMsCiMgV0lUSE9VVCBXQVJSQU5USUVTIE9SIENPTkRJVElPTlMgT0YgQU5ZIEtJTkQsIGVpdGhlciBleHByZXNzIG9yIGltcGxpZWQuCiMgU2VlIHRoZSBMaWNlbnNlIGZvciB0aGUgc3BlY2lmaWMgbGFuZ3VhZ2UgZ292ZXJuaW5nIHBlcm1pc3Npb25zIGFuZAojIGxpbWl0YXRpb25zIHVuZGVyIHRoZSBMaWNlbnNlLgoKbWFzdGVyOgogIHRhZzogIjIuMjY0IgogIGNvbnRhaW5lckVudjoKICAgIC0gbmFtZTogUFJPSkVDVF9JRAogICAgICB2YWx1ZUZyb206CiAgICAgICAgc2VjcmV0S2V5UmVmOgogICAgICAgICAgICBuYW1lOiBqZW5raW5zLWs4cy1jb25maWcKICAgICAgICAgICAga2V5OiBwcm9qZWN0X2lkCiAgICAtIG5hbWU6IGplbmtpbnNfdGZfa3NhCiAgICAgIHZhbHVlRnJvbToKICAgICAgICBzZWNyZXRLZXlSZWY6CiAgICAgICAgICAgIG5hbWU6IGplbmtpbnMtazhzLWNvbmZpZwogICAgICAgICAgICBrZXk6IGplbmtpbnNfdGZfa3NhCiAgc2VydmljZVBvcnQ6IDgwCiAgc2VydmljZVR5cGU6IExvYWRCYWxhbmNlcgogIGluc3RhbGxQbHVnaW5zOgogICAgLSBrdWJlcm5ldGVzOjEuMjcuMwogICAgLSB3b3JrZmxvdy1qb2I6Mi40MAogICAgLSB3b3JrZmxvdy1hZ2dyZWdhdG9yOjIuNgogICAgLSBjcmVkZW50aWFscy1iaW5kaW5nOjEuMjQKICAgIC0gZ2l0OjQuNC41CiAgICAtIGJsdWVvY2VhbjoxLjI0LjMKICAgIC0gZG9ja2VyLWN1c3RvbS1idWlsZC1lbnZpcm9ubWVudDoxLjcuMwogICAgLSBjcmVkZW50aWFsczoyLjMuMTMKICAgIC0gZG9ja2VyLWNvbW1vbnM6MS4xNwogICAgLSBkb2NrZXItd29ya2Zsb3c6MS4yNAogICAgLSBqb2ItZHNsOjEuNzcKICAgIC0gY29uZmlndXJhdGlvbi1hcy1jb2RlOjEuNDUKICAgIC0gamRrLXRvb2w6MS40CiAgSkNhc0M6CiAgICBlbmFibGVkOiB0cnVlCiAgICBjb25maWdTY3JpcHRzOgogICAgICAgIGNsb3VkOiB8CiAgICAgICAgICAgIGplbmtpbnM6CiAgICAgICAgICAgICAgICBjbG91ZHM6CiAgICAgICAgICAgICAgICAgICAgLSBrdWJlcm5ldGVzOgogICAgICAgICAgICAgICAgICAgICAgICBuYW1lOiAiZ2tlLWV4ZWN1dG9ycyIKICAgICAgICAgICAgICAgICAgICAgICAgc2VydmVyVXJsOiAiaHR0cHM6Ly9rdWJlcm5ldGVzLmRlZmF1bHQiCiAgICAgICAgICAgICAgICAgICAgICAgIGplbmtpbnNUdW5uZWw6ICJqZW5raW5zLWFnZW50OjUwMDAwIgogICAgICAgICAgICAgICAgICAgICAgICBqZW5raW5zVXJsOiAiaHR0cDovL2plbmtpbnM6ODAiCiAgICAgICAgICAgICAgICAgICAgICAgIHNraXBUbHNWZXJpZnk6IHRydWUKICAgICAgICAgICAgICAgICAgICAgICAgbmFtZXNwYWNlOiAiZGVmYXVsdCIKICAgICAgICAgICAgICAgICAgICAgICAgdGVtcGxhdGVzOgogICAgICAgICAgICAgICAgICAgICAgICAgICAgLSBuYW1lOiAiamVua2lucy1qbmxwIgogICAgICAgICAgICAgICAgICAgICAgICAgICAgICBuYW1lc3BhY2U6ICJkZWZhdWx0IgogICAgICAgICAgICAgICAgICAgICAgICAgICAgICBub2RlVXNhZ2VNb2RlOiBOT1JNQUwKICAgICAgICAgICAgICAgICAgICAgICAgICAgICAgbGFiZWw6ICJqbmxwLWV4ZWMiCiAgICAgICAgICAgICAgICAgICAgICAgICAgICAgIGNvbnRhaW5lcnM6CiAgICAgICAgICAgICAgICAgICAgICAgICAgICAgICAgLSBuYW1lOiAiam5scCIKICAgICAgICAgICAgICAgICAgICAgICAgICAgICAgICAgIGltYWdlOiAiamVua2lucy9qbmxwLXNsYXZlIgogICAgICAgICAgICAgICAgICAgICAgICAgICAgICAgICAgYWx3YXlzUHVsbEltYWdlOiBmYWxzZQogICAgICAgICAgICAgICAgICAgICAgICAgICAgICAgICAgd29ya2luZ0RpcjogIi9ob21lL2plbmtpbnMvYWdlbnQiCiAgICAgICAgICAgICAgICAgICAgICAgICAgICAgICAgICB0dHlFbmFibGVkOiB0cnVlCiAgICAgICAgICAgICAgICAgICAgICAgICAgICAgICAgICBjb21tYW5kOiAiIgogICAgICAgICAgICAgICAgICAgICAgICAgICAgICAgICAgYXJnczogIiIKICAgICAgICAgICAgICAgICAgICAgICAgICAgICAgICAgIHJlc291cmNlUmVxdWVzdENwdTogIjUwMG0iCiAgICAgICAgICAgICAgICAgICAgICAgICAgICAgICAgICByZXNvdXJjZUxpbWl0Q3B1OiAiMTAwMG0iCiAgICAgICAgICAgICAgICAgICAgICAgICAgICAgICAgICByZXNvdXJjZVJlcXVlc3RNZW1vcnk6ICIxR2kiCiAgICAgICAgICAgICAgICAgICAgICAgICAgICAgICAgICByZXNvdXJjZUxpbWl0TWVtb3J5OiAiMkdpIgogICAgICAgICAgICAgICAgICAgICAgICAgICAgICB2b2x1bWVzOgogICAgICAgICAgICAgICAgICAgICAgICAgICAgICAgIC0gZW1wdHlEaXJWb2x1bWU6CiAgICAgICAgICAgICAgICAgICAgICAgICAgICAgICAgICAgIG1lbW9yeTogZmFsc2UKICAgICAgICAgICAgICAgICAgICAgICAgICAgICAgICAgICAgbW91bnRQYXRoOiAiL3RtcCIKICAgICAgICAgICAgICAgICAgICAgICAgICAgICAgaWRsZU1pbnV0ZXM6ICIxIgogICAgICAgICAgICAgICAgICAgICAgICAgICAgICBhY3RpdmVEZWFkbGluZVNlY29uZHM6ICIxMjAiCiAgICAgICAgICAgICAgICAgICAgICAgICAgICAgIHNsYXZlQ29ubmVjdFRpbWVvdXQ6ICIxMDAwIgogICAgICAgICAgICAgICAgICAgICAgICAgICAgLSBuYW1lOiAidGVycmFmb3JtIgogICAgICAgICAgICAgICAgICAgICAgICAgICAgICBuYW1lc3BhY2U6ICJkZWZhdWx0IgogICAgICAgICAgICAgICAgICAgICAgICAgICAgICBub2RlVXNhZ2VNb2RlOiBOT1JNQUwKICAgICAgICAgICAgICAgICAgICAgICAgICAgICAgc2VydmljZUFjY291bnQ6ICR7amVua2luc190Zl9rc2F9CiAgICAgICAgICAgICAgICAgICAgICAgICAgICAgIGxhYmVsOiAidGVycmFmb3JtLWV4ZWMiCiAgICAgICAgICAgICAgICAgICAgICAgICAgICAgIGNvbnRhaW5lcnM6CiAgICAgICAgICAgICAgICAgICAgICAgICAgICAgICAgLSBuYW1lOiAidGVycmFmb3JtIgogICAgICAgICAgICAgICAgICAgICAgICAgICAgICAgICAgaW1hZ2U6ICJoYXNoaWNvcnAvdGVycmFmb3JtOjAuMTIuMjkiCiAgICAgICAgICAgICAgICAgICAgICAgICAgICAgICAgICBhbHdheXNQdWxsSW1hZ2U6IGZhbHNlCiAgICAgICAgICAgICAgICAgICAgICAgICAgICAgICAgICB3b3JraW5nRGlyOiAiL2hvbWUvamVua2lucy9hZ2VudCIKICAgICAgICAgICAgICAgICAgICAgICAgICAgICAgICAgIHR0eUVuYWJsZWQ6IHRydWUKICAgICAgICAgICAgICAgICAgICAgICAgICAgICAgICAgIGNvbW1hbmQ6ICIvYmluL3NoIC1jIgogICAgICAgICAgICAgICAgICAgICAgICAgICAgICAgICAgYXJnczogImNhdCIKICAgICAgICAgICAgICAgICAgICAgICAgICAgICAgICAgIHJlc291cmNlUmVxdWVzdENwdTogIjUwMG0iCiAgICAgICAgICAgICAgICAgICAgICAgICAgICAgICAgICByZXNvdXJjZUxpbWl0Q3B1OiAiMTAwMG0iCiAgICAgICAgICAgICAgICAgICAgICAgICAgICAgICAgICByZXNvdXJjZVJlcXVlc3RNZW1vcnk6ICIxR2kiCiAgICAgICAgICAgICAgICAgICAgICAgICAgICAgICAgICByZXNvdXJjZUxpbWl0TWVtb3J5OiAiMkdpIgogICAgICAgICAgICAgICAgICAgICAgICAgICAgICB2b2x1bWVzOgogICAgICAgICAgICAgICAgICAgICAgICAgICAgICAgIC0gZW1wdHlEaXJWb2x1bWU6CiAgICAgICAgICAgICAgICAgICAgICAgICAgICAgICAgICAgIG1lbW9yeTogZmFsc2UKICAgICAgICAgICAgICAgICAgICAgICAgICAgICAgICAgICAgbW91bnRQYXRoOiAiL3RtcCIKICAgICAgICAgICAgICAgICAgICAgICAgICAgICAgcG9kUmV0ZW50aW9uOiAibmV2ZXIiCiAgICAgICAgICAgICAgICAgICAgICAgICAgICAgIGFjdGl2ZURlYWRsaW5lU2Vjb25kczogIjUwMCIK",
            "filename": "./values.yaml",
            "id": "b1c5f09b3c07d321a437ac8c4866bc6ab96f1472"
          }
        }
      ]
    },
    {
      "module": "module.gke_auth",
      "mode": "data",
      "type": "template_file",
      "name": "kubeconfig",
      "provider": "provider.template",
      "instances": []
    },
    {
      "module": "module.jenkins-vpc.module.vpc",
      "mode": "managed",
      "type": "google_compute_network",
      "name": "network",
      "provider": "provider.google",
      "instances": [
        {
          "schema_version": 0,
          "attributes": {
            "auto_create_subnetworks": false,
            "delete_default_routes_on_create": false,
            "description": "",
            "gateway_ipv4": "",
            "id": "projects/architect-certification-289902/global/networks/jenkins-network-26",
            "mtu": 0,
            "name": "jenkins-network-26",
            "project": "architect-certification-289902",
            "routing_mode": "GLOBAL",
            "self_link": "https://www.googleapis.com/compute/v1/projects/architect-certification-289902/global/networks/jenkins-network-26",
            "timeouts": null
          },
          "private": "eyJlMmJmYjczMC1lY2FhLTExZTYtOGY4OC0zNDM2M2JjN2M0YzAiOnsiY3JlYXRlIjoyNDAwMDAwMDAwMDAsImRlbGV0ZSI6MjQwMDAwMDAwMDAwLCJ1cGRhdGUiOjI0MDAwMDAwMDAwMH19",
          "dependencies": [
            "module.enables-google-apis.google_project_service.project_services"
          ]
        }
      ]
    },
    {
      "module": "module.jenkins-vpc.module.routes",
      "mode": "managed",
      "type": "google_compute_route",
      "name": "route",
      "each": "map",
      "provider": "provider.google",
      "instances": []
    },
    {
      "module": "module.jenkins-vpc.module.vpc",
      "mode": "managed",
      "type": "google_compute_shared_vpc_host_project",
      "name": "shared_vpc_host",
      "each": "list",
      "provider": "provider.google",
      "instances": []
    },
    {
      "module": "module.jenkins-vpc.module.subnets",
      "mode": "managed",
      "type": "google_compute_subnetwork",
      "name": "subnetwork",
      "each": "map",
      "provider": "provider.google",
      "instances": [
        {
          "index_key": "us-west2/jenkins-subnet-26",
          "schema_version": 0,
          "attributes": {
            "creation_timestamp": "2020-11-24T22:22:09.547-08:00",
            "description": "",
            "fingerprint": null,
            "gateway_address": "10.0.0.1",
            "id": "projects/architect-certification-289902/regions/us-west2/subnetworks/jenkins-subnet-26",
            "ip_cidr_range": "10.0.0.0/17",
            "log_config": [],
            "name": "jenkins-subnet-26",
            "network": "https://www.googleapis.com/compute/v1/projects/architect-certification-289902/global/networks/jenkins-network-26",
            "private_ip_google_access": false,
            "private_ipv6_google_access": "DISABLE_GOOGLE_ACCESS",
            "project": "architect-certification-289902",
            "region": "us-west2",
            "secondary_ip_range": [
              {
                "ip_cidr_range": "192.168.0.0/18",
                "range_name": "ip-range-pods"
              },
              {
                "ip_cidr_range": "192.168.64.0/18",
                "range_name": "ip-range-scv"
              }
            ],
            "self_link": "https://www.googleapis.com/compute/v1/projects/architect-certification-289902/regions/us-west2/subnetworks/jenkins-subnet-26",
            "timeouts": null
          },
          "private": "eyJlMmJmYjczMC1lY2FhLTExZTYtOGY4OC0zNDM2M2JjN2M0YzAiOnsiY3JlYXRlIjozNjAwMDAwMDAwMDAsImRlbGV0ZSI6MzYwMDAwMDAwMDAwLCJ1cGRhdGUiOjM2MDAwMDAwMDAwMH19",
          "dependencies": [
            "module.enables-google-apis.google_project_service.project_services",
            "module.jenkins-vpc.module.vpc.google_compute_network.network"
          ]
        }
      ]
    },
    {
      "module": "module.jenkins-gke",
      "mode": "managed",
      "type": "google_container_node_pool",
      "name": "pools",
      "each": "map",
      "provider": "provider.google-beta",
      "instances": []
    },
    {
      "mode": "managed",
      "type": "google_project_iam_member",
      "name": "cluster-dev",
      "provider": "provider.google",
      "instances": []
    },
    {
      "module": "module.jenkins-gke",
      "mode": "managed",
      "type": "google_project_iam_member",
      "name": "cluster_service_account-gcr",
      "each": "list",
      "provider": "provider.google",
      "instances": []
    },
    {
      "module": "module.jenkins-gke",
      "mode": "managed",
      "type": "google_project_iam_member",
      "name": "cluster_service_account-log_writer",
      "each": "list",
      "provider": "provider.google",
      "instances": []
    },
    {
      "module": "module.jenkins-gke",
      "mode": "managed",
      "type": "google_project_iam_member",
      "name": "cluster_service_account-metric_writer",
      "each": "list",
      "provider": "provider.google",
      "instances": []
    },
    {
      "module": "module.jenkins-gke",
      "mode": "managed",
      "type": "google_project_iam_member",
      "name": "cluster_service_account-monitoring_viewer",
      "each": "list",
      "provider": "provider.google",
      "instances": []
    },
    {
      "mode": "managed",
      "type": "google_project_iam_member",
      "name": "jenkins-project",
      "provider": "provider.google",
      "instances": []
    },
    {
      "module": "module.enables-google-apis",
      "mode": "managed",
      "type": "google_project_service",
      "name": "project_services",
      "each": "map",
      "provider": "provider.google",
      "instances": [
        {
          "index_key": "cloudresourcemanager.googleapis.com",
          "schema_version": 0,
          "attributes": {
            "disable_dependent_services": true,
            "disable_on_destroy": true,
            "id": "architect-certification-289902/cloudresourcemanager.googleapis.com",
            "project": "architect-certification-289902",
            "service": "cloudresourcemanager.googleapis.com",
            "timeouts": null
          },
          "private": "eyJlMmJmYjczMC1lY2FhLTExZTYtOGY4OC0zNDM2M2JjN2M0YzAiOnsiY3JlYXRlIjoxMjAwMDAwMDAwMDAwLCJkZWxldGUiOjEyMDAwMDAwMDAwMDAsInJlYWQiOjYwMDAwMDAwMDAwMCwidXBkYXRlIjoxMjAwMDAwMDAwMDAwfX0="
        },
        {
          "index_key": "compute.googleapis.com",
          "schema_version": 0,
          "attributes": {
            "disable_dependent_services": true,
            "disable_on_destroy": true,
            "id": "architect-certification-289902/compute.googleapis.com",
            "project": "architect-certification-289902",
            "service": "compute.googleapis.com",
            "timeouts": null
          },
          "private": "eyJlMmJmYjczMC1lY2FhLTExZTYtOGY4OC0zNDM2M2JjN2M0YzAiOnsiY3JlYXRlIjoxMjAwMDAwMDAwMDAwLCJkZWxldGUiOjEyMDAwMDAwMDAwMDAsInJlYWQiOjYwMDAwMDAwMDAwMCwidXBkYXRlIjoxMjAwMDAwMDAwMDAwfX0="
        },
        {
          "index_key": "container.googleapis.com",
          "schema_version": 0,
          "attributes": {
            "disable_dependent_services": true,
            "disable_on_destroy": true,
            "id": "architect-certification-289902/container.googleapis.com",
            "project": "architect-certification-289902",
            "service": "container.googleapis.com",
            "timeouts": null
          },
          "private": "eyJlMmJmYjczMC1lY2FhLTExZTYtOGY4OC0zNDM2M2JjN2M0YzAiOnsiY3JlYXRlIjoxMjAwMDAwMDAwMDAwLCJkZWxldGUiOjEyMDAwMDAwMDAwMDAsInJlYWQiOjYwMDAwMDAwMDAwMCwidXBkYXRlIjoxMjAwMDAwMDAwMDAwfX0="
        },
        {
          "index_key": "containerregistry.googleapis.com",
          "schema_version": 0,
          "attributes": {
            "disable_dependent_services": true,
            "disable_on_destroy": true,
            "id": "architect-certification-289902/containerregistry.googleapis.com",
            "project": "architect-certification-289902",
            "service": "containerregistry.googleapis.com",
            "timeouts": null
          },
          "private": "eyJlMmJmYjczMC1lY2FhLTExZTYtOGY4OC0zNDM2M2JjN2M0YzAiOnsiY3JlYXRlIjoxMjAwMDAwMDAwMDAwLCJkZWxldGUiOjEyMDAwMDAwMDAwMDAsInJlYWQiOjYwMDAwMDAwMDAwMCwidXBkYXRlIjoxMjAwMDAwMDAwMDAwfX0="
        },
        {
          "index_key": "iam.googleapis.com",
          "schema_version": 0,
          "attributes": {
            "disable_dependent_services": true,
            "disable_on_destroy": true,
            "id": "architect-certification-289902/iam.googleapis.com",
            "project": "architect-certification-289902",
            "service": "iam.googleapis.com",
            "timeouts": null
          },
          "private": "eyJlMmJmYjczMC1lY2FhLTExZTYtOGY4OC0zNDM2M2JjN2M0YzAiOnsiY3JlYXRlIjoxMjAwMDAwMDAwMDAwLCJkZWxldGUiOjEyMDAwMDAwMDAwMDAsInJlYWQiOjYwMDAwMDAwMDAwMCwidXBkYXRlIjoxMjAwMDAwMDAwMDAwfX0="
        },
        {
          "index_key": "logging.googleapis.com",
          "schema_version": 0,
          "attributes": {
            "disable_dependent_services": true,
            "disable_on_destroy": true,
            "id": "architect-certification-289902/logging.googleapis.com",
            "project": "architect-certification-289902",
            "service": "logging.googleapis.com",
            "timeouts": null
          },
          "private": "eyJlMmJmYjczMC1lY2FhLTExZTYtOGY4OC0zNDM2M2JjN2M0YzAiOnsiY3JlYXRlIjoxMjAwMDAwMDAwMDAwLCJkZWxldGUiOjEyMDAwMDAwMDAwMDAsInJlYWQiOjYwMDAwMDAwMDAwMCwidXBkYXRlIjoxMjAwMDAwMDAwMDAwfX0="
        },
        {
          "index_key": "monitoring.googleapis.com",
          "schema_version": 0,
          "attributes": {
            "disable_dependent_services": true,
            "disable_on_destroy": true,
            "id": "architect-certification-289902/monitoring.googleapis.com",
            "project": "architect-certification-289902",
            "service": "monitoring.googleapis.com",
            "timeouts": null
          },
          "private": "eyJlMmJmYjczMC1lY2FhLTExZTYtOGY4OC0zNDM2M2JjN2M0YzAiOnsiY3JlYXRlIjoxMjAwMDAwMDAwMDAwLCJkZWxldGUiOjEyMDAwMDAwMDAwMDAsInJlYWQiOjYwMDAwMDAwMDAwMCwidXBkYXRlIjoxMjAwMDAwMDAwMDAwfX0="
        },
        {
          "index_key": "storage-component.googleapis.com",
          "schema_version": 0,
          "attributes": {
            "disable_dependent_services": true,
            "disable_on_destroy": true,
            "id": "architect-certification-289902/storage-component.googleapis.com",
            "project": "architect-certification-289902",
            "service": "storage-component.googleapis.com",
            "timeouts": null
          },
          "private": "eyJlMmJmYjczMC1lY2FhLTExZTYtOGY4OC0zNDM2M2JjN2M0YzAiOnsiY3JlYXRlIjoxMjAwMDAwMDAwMDAwLCJkZWxldGUiOjEyMDAwMDAwMDAwMDAsInJlYWQiOjYwMDAwMDAwMDAwMCwidXBkYXRlIjoxMjAwMDAwMDAwMDAwfX0="
        }
      ]
    },
    {
      "module": "module.jenkins-gke",
      "mode": "managed",
      "type": "google_service_account",
      "name": "cluster_service_account",
      "each": "list",
      "provider": "provider.google",
      "instances": [
        {
          "index_key": 0,
          "schema_version": 0,
          "attributes": {
            "account_id": "tf-gke-jenkins-26-i7rx",
            "description": "",
            "display_name": "Terraform-managed service account for cluster jenkins-26",
            "email": "tf-gke-jenkins-26-i7rx@architect-certification-289902.iam.gserviceaccount.com",
            "id": "projects/architect-certification-289902/serviceAccounts/tf-gke-jenkins-26-i7rx@architect-certification-289902.iam.gserviceaccount.com",
            "name": "projects/architect-certification-289902/serviceAccounts/tf-gke-jenkins-26-i7rx@architect-certification-289902.iam.gserviceaccount.com",
            "project": "architect-certification-289902",
            "timeouts": null,
            "unique_id": "105545033415862311508"
          },
          "private": "eyJlMmJmYjczMC1lY2FhLTExZTYtOGY4OC0zNDM2M2JjN2M0YzAiOnsiY3JlYXRlIjozMDAwMDAwMDAwMDB9fQ==",
          "dependencies": [
            "module.enables-google-apis.google_project_service.project_services",
            "module.jenkins-gke.random_string.cluster_service_account_suffix"
          ]
        }
      ]
    },
    {
      "module": "module.workload_identity",
      "mode": "managed",
      "type": "google_service_account",
      "name": "cluster_service_account",
      "provider": "provider.google",
      "instances": []
    },
    {
      "module": "module.workload_identity",
      "mode": "managed",
      "type": "google_service_account_iam_member",
      "name": "main",
      "provider": "provider.google",
      "instances": []
    },
    {
      "mode": "managed",
      "type": "google_storage_bucket_iam_member",
      "name": "tf-state-writer",
      "provider": "provider.google",
      "instances": []
    },
    {
      "module": "module.workload_identity.module.annotate-sa",
      "mode": "managed",
      "type": "null_resource",
      "name": "additional_components",
      "each": "list",
      "provider": "provider.null",
      "instances": []
    },
    {
      "module": "module.workload_identity.module.annotate-sa",
      "mode": "managed",
      "type": "null_resource",
      "name": "additional_components_destroy",
      "each": "list",
      "provider": "provider.null",
      "instances": []
    },
    {
      "module": "module.workload_identity.module.annotate-sa",
      "mode": "managed",
      "type": "null_resource",
      "name": "copy",
      "each": "list",
      "provider": "provider.null",
      "instances": []
    },
    {
      "module": "module.workload_identity.module.annotate-sa",
      "mode": "managed",
      "type": "null_resource",
      "name": "decompress",
      "each": "list",
      "provider": "provider.null",
      "instances": []
    },
    {
      "module": "module.workload_identity.module.annotate-sa",
      "mode": "managed",
      "type": "null_resource",
      "name": "decompress_destroy",
      "each": "list",
      "provider": "provider.null",
      "instances": []
    },
    {
      "module": "module.jenkins-gke",
      "mode": "managed",
      "type": "null_resource",
      "name": "delete_default_kube_dns_configmap",
      "each": "list",
      "provider": "provider.null",
      "instances": []
    },
    {
      "module": "module.workload_identity.module.annotate-sa",
      "mode": "managed",
      "type": "null_resource",
      "name": "gcloud_auth_google_credentials",
      "each": "list",
      "provider": "provider.null",
      "instances": []
    },
    {
      "module": "module.workload_identity.module.annotate-sa",
      "mode": "managed",
      "type": "null_resource",
      "name": "gcloud_auth_google_credentials_destroy",
      "each": "list",
      "provider": "provider.null",
      "instances": []
    },
    {
      "module": "module.workload_identity.module.annotate-sa",
      "mode": "managed",
      "type": "null_resource",
      "name": "gcloud_auth_service_account_key_file",
      "each": "list",
      "provider": "provider.null",
      "instances": []
    },
    {
      "module": "module.workload_identity.module.annotate-sa",
      "mode": "managed",
      "type": "null_resource",
      "name": "gcloud_auth_service_account_key_file_destroy",
      "each": "list",
      "provider": "provider.null",
      "instances": []
    },
    {
      "module": "module.workload_identity.module.annotate-sa",
      "mode": "managed",
      "type": "null_resource",
      "name": "module_depends_on",
      "each": "list",
      "provider": "provider.null",
      "instances": []
    },
    {
      "module": "module.workload_identity.module.annotate-sa",
      "mode": "managed",
      "type": "null_resource",
      "name": "run_command",
      "each": "list",
      "provider": "provider.null",
      "instances": []
    },
    {
      "module": "module.workload_identity.module.annotate-sa",
      "mode": "managed",
      "type": "null_resource",
      "name": "upgrade",
      "each": "list",
      "provider": "provider.null",
      "instances": []
    },
    {
      "module": "module.workload_identity.module.annotate-sa",
      "mode": "managed",
      "type": "null_resource",
      "name": "upgrade_destroy",
      "each": "list",
      "provider": "provider.null",
      "instances": []
    },
    {
      "module": "module.jenkins-gke",
      "mode": "managed",
      "type": "null_resource",
      "name": "wait_for_cluster",
      "each": "list",
      "provider": "provider.null",
      "instances": []
    },
    {
      "module": "module.workload_identity.module.annotate-sa",
      "mode": "managed",
      "type": "random_id",
      "name": "cache",
      "provider": "provider.random",
      "instances": [
        {
          "schema_version": 0,
          "attributes": {
            "b64_std": "KHLDpQ==",
            "b64_url": "KHLDpQ",
            "byte_length": 4,
            "dec": "678609829",
            "hex": "2872c3a5",
            "id": "KHLDpQ",
            "keepers": null,
            "prefix": null
          },
          "private": "bnVsbA=="
        }
      ]
    },
    {
      "module": "module.jenkins-gke",
      "mode": "managed",
      "type": "random_shuffle",
      "name": "available_zones",
      "provider": "provider.random",
      "instances": [
        {
          "schema_version": 0,
          "attributes": {
            "id": "-",
            "input": [
              "us-west2-a",
              "us-west2-b",
              "us-west2-c"
            ],
            "keepers": null,
            "result": [
              "us-west2-a",
              "us-west2-b",
              "us-west2-c"
            ],
            "result_count": 3,
            "seed": null
          },
          "private": "bnVsbA==",
          "dependencies": [
            "module.enables-google-apis.google_project_service.project_services"
          ]
        }
      ]
    },
    {
      "module": "module.jenkins-gke",
      "mode": "managed",
      "type": "random_string",
      "name": "cluster_service_account_suffix",
      "provider": "provider.random",
      "instances": [
        {
          "schema_version": 1,
          "attributes": {
            "id": "i7rx",
            "keepers": null,
            "length": 4,
            "lower": true,
            "min_lower": 0,
            "min_numeric": 0,
            "min_special": 0,
            "min_upper": 0,
            "number": true,
            "override_special": null,
            "result": "i7rx",
            "special": false,
            "upper": false
          },
          "private": "eyJzY2hlbWFfdmVyc2lvbiI6IjEifQ=="
        }
      ]
    }
  ]
}
